dependencies:
  espressif/esp-modbus:
    component_hash: a3db3edf2820121f55a91106bd480af26ba18338c764d242d283fc07b2f94832
    dependencies:
    - name: idf
      require: private
      version: '>=5.0'
    source:
      registry_url: https://components.espressif.com/
      type: service
    version: 2.1.0
  idf:
    source:
      type: idf
    version: 5.5.0
direct_dependencies:
- espressif/esp-modbus
- idf
manifest_hash: 2e9f915d32e5f2d459e7b68bfe0baecf66b60b3c8effd1d2940c3ebf5c4374f1
target: esp32s3
version: 2.0.0
